
Microsoft Visual Studio Solution File, Format Version 12.00
# Visual Studio 15
VisualStudioVersion = 15.0.27130.2010
MinimumVisualStudioVersion = 10.0.40219.1
Project("{FAE04EC0-301F-11D3-BF4B-00C04F79EFBC}") = "ParentsAndСhildren", "ParentsAndСhildren\ParentsAndСhildren.csproj", "{B21AA324-D269-4460-912D-8DD836185049}"
EndProject
Global
	GlobalSection(SolutionConfigurationPlatforms) = preSolution
		Debug|Any CPU = Debug|Any CPU
		Release|Any CPU = Release|Any CPU
	EndGlobalSection
	GlobalSection(ProjectConfigurationPlatforms) = postSolution
		{B21AA324-D269-4460-912D-8DD836185049}.Debug|Any CPU.ActiveCfg = Debug|Any CPU
		{B21AA324-D269-4460-912D-8DD836185049}.Debug|Any CPU.Build.0 = Debug|Any CPU
		{B21AA324-D269-4460-912D-8DD836185049}.Release|Any CPU.ActiveCfg = Release|Any CPU
		{B21AA324-D269-4460-912D-8DD836185049}.Release|Any CPU.Build.0 = Release|Any CPU
	EndGlobalSection
	GlobalSection(SolutionProperties) = preSolution
		HideSolutionNode = FALSE
	EndGlobalSection
	GlobalSection(ExtensibilityGlobals) = postSolution
		SolutionGuid = {22D45E25-A506-4564-8B69-F9A17CAD7110}
	EndGlobalSection
EndGlobal
